{
  "lockfileVersion": 1,
  "dependencies": {
    "@types/angular": {
      "version": "1.6.21",
      "resolved": "https://registry.npmjs.org/@types/angular/-/angular-1.6.21.tgz",
      "integrity": "sha512-E8mIqMhZqmfK9rKowCOCMOdfz34f9fYbN5Y4asWrLmIGFoV/N6ie3N3WCwAFfxuybPP6mSrO0roORHrDhqoU9A==",
      "dev": true
    },
    "@types/jquery": {
      "version": "3.2.4",
      "resolved": "https://registry.npmjs.org/@types/jquery/-/jquery-3.2.4.tgz",
      "integrity": "sha512-4BD4orDYQmOyf2W/4l6/xHwGgeD+bapybREx87TEIUywj8A4ZbxbhvAhHX2hd1RTB2mxW4Q7PpBqPkXHtZ7Bow==",
      "dev": true
    }
  }
}
