# THIS IS AN AUTOGENERATED FILE. DO NOT EDIT THIS FILE DIRECTLY.
# yarn lockfile v1


"@types/angular-resource@^1.5.9":
  version "1.5.9"
  resolved "https://registry.yarnpkg.com/@types/angular-resource/-/angular-resource-1.5.9.tgz#54af443836e495cd3ddd1827319bd9cd4d1f4625"
  dependencies:
    "@types/angular" "*"

"@types/angular-spinner@^0.5.32":
  version "0.5.32"
  resolved "https://registry.yarnpkg.com/@types/angular-spinner/-/angular-spinner-0.5.32.tgz#d938f4abd771cf28a07327a4175bd4dfa372acae"

"@types/angular-ui-router@^1.1.37":
  version "1.1.37"
  resolved "https://registry.yarnpkg.com/@types/angular-ui-router/-/angular-ui-router-1.1.37.tgz#1e67926083f5e78d28d7c7e83d01c9929e70b6cb"
  dependencies:
    "@types/angular" "*"

"@types/angular@*", "@types/angular@^1.6.21":
  version "1.6.21"
  resolved "https://registry.yarnpkg.com/@types/angular/-/angular-1.6.21.tgz#010c15954cbfe875b144b095b88b93a7293e8f12"
  dependencies:
    "@types/jquery" "*"

"@types/bootstrap@^3.3.35":
  version "3.3.35"
  resolved "https://registry.yarnpkg.com/@types/bootstrap/-/bootstrap-3.3.35.tgz#cfb98db36b5995824799ce6eb761dc48d808c096"
  dependencies:
    "@types/jquery" "*"

"@types/jquery@*", "@types/jquery@^3.2.4":
  version "3.2.4"
  resolved "https://registry.yarnpkg.com/@types/jquery/-/jquery-3.2.4.tgz#52d19aecb6237a9407701fc127cf69d204576e04"

"@uirouter/core@5.0.3":
  version "5.0.3"
  resolved "https://registry.yarnpkg.com/@uirouter/core/-/core-5.0.3.tgz#e2b5b1e45190e20c67ba4e15c013de5d4e0ccab3"

angular-resource@1.3:
  version "1.3.20"
  resolved "https://registry.yarnpkg.com/angular-resource/-/angular-resource-1.3.20.tgz#5415731074439efff5abad0dd9d4c51b63d951b8"

angular-spinner@^1.0.1:
  version "1.0.1"
  resolved "https://registry.yarnpkg.com/angular-spinner/-/angular-spinner-1.0.1.tgz#0a159297951d1462e0615ba5e1a01fd46de2c1ca"
  dependencies:
    spin.js "2.3.2"

angular-ui-bootstrap@0.13.4:
  version "0.13.4"
  resolved "https://registry.yarnpkg.com/angular-ui-bootstrap/-/angular-ui-bootstrap-0.13.4.tgz#d9981523b12ecb5f911cb0b4829fa3e5f20ed9ec"

angular-ui-router@^1.0.3:
  version "1.0.3"
  resolved "https://registry.yarnpkg.com/angular-ui-router/-/angular-ui-router-1.0.3.tgz#bf2494caae95c37cf01af3761d89747cfed2db45"
  dependencies:
    "@uirouter/core" "5.0.3"

angular@1.3.13:
  version "1.3.13"
  resolved "https://registry.yarnpkg.com/angular/-/angular-1.3.13.tgz#f00586f575c9be970847b449c4657f23f76cf8a5"

spin.js@2.3.2:
  version "2.3.2"
  resolved "https://registry.yarnpkg.com/spin.js/-/spin.js-2.3.2.tgz#6caa56d520673450fd5cfbc6971e6d0772c37a1a"

systemjs@^0.20.14:
  version "0.20.14"
  resolved "https://registry.yarnpkg.com/systemjs/-/systemjs-0.20.14.tgz#b29812f01b2c7ee867c3fc153b01fca4ea20c4d7"
